
Microsoft Visual Studio Solution File, Format Version 12.00
Project("{FAE04EC0-301F-11D3-BF4B-00C04F79EFBC}") = "Geometry", "Geometry\Geometry.csproj", "{0189E976-ADB0-4E7F-A8C5-93D38431CEFD}"
EndProject
Global
	GlobalSection(SolutionConfigurationPlatforms) = preSolution
		Debug|Any CPU = Debug|Any CPU
		Release|Any CPU = Release|Any CPU
	EndGlobalSection
	GlobalSection(ProjectConfigurationPlatforms) = postSolution
		{0189E976-ADB0-4E7F-A8C5-93D38431CEFD}.Debug|Any CPU.ActiveCfg = Debug|Any CPU
		{0189E976-ADB0-4E7F-A8C5-93D38431CEFD}.Debug|Any CPU.Build.0 = Debug|Any CPU
		{0189E976-ADB0-4E7F-A8C5-93D38431CEFD}.Release|Any CPU.ActiveCfg = Release|Any CPU
		{0189E976-ADB0-4E7F-A8C5-93D38431CEFD}.Release|Any CPU.Build.0 = Release|Any CPU
	EndGlobalSection
EndGlobal
